
Microsoft Visual Studio Solution File, Format Version 12.00
# Visual Studio Version 16
VisualStudioVersion = 16.0.29519.87
MinimumVisualStudioVersion = 10.0.40219.1
Project("{FAE04EC0-301F-11D3-BF4B-00C04F79EFBC}") = "Activity3", "Activity3\Activity3.csproj", "{E1F5EE57-582E-4E79-955C-E2DE200BB54F}"
EndProject
Project("{2150E333-8FDC-42A3-9474-1A3956D46DE8}") = "Solution Items", "Solution Items", "{441914FB-7140-4017-859B-3DA844FFA671}"
	ProjectSection(SolutionItems) = preProject
		.editorconfig = .editorconfig
	EndProjectSection
EndProject
Project("{FAE04EC0-301F-11D3-BF4B-00C04F79EFBC}") = "HelloWorldService", "HelloWorldService\HelloWorldService.csproj", "{3ABE526D-135C-4653-BF86-571424E42B7C}"
EndProject
Project("{FAE04EC0-301F-11D3-BF4B-00C04F79EFBC}") = "HelloWorldService2", "HelloWorldService2\HelloWorldService2.csproj", "{4E69E369-16DB-40B8-BC5D-6708F64981E3}"
EndProject
Global
	GlobalSection(SolutionConfigurationPlatforms) = preSolution
		Debug|Any CPU = Debug|Any CPU
		Release|Any CPU = Release|Any CPU
	EndGlobalSection
	GlobalSection(ProjectConfigurationPlatforms) = postSolution
		{E1F5EE57-582E-4E79-955C-E2DE200BB54F}.Debug|Any CPU.ActiveCfg = Debug|Any CPU
		{E1F5EE57-582E-4E79-955C-E2DE200BB54F}.Debug|Any CPU.Build.0 = Debug|Any CPU
		{E1F5EE57-582E-4E79-955C-E2DE200BB54F}.Release|Any CPU.ActiveCfg = Release|Any CPU
		{E1F5EE57-582E-4E79-955C-E2DE200BB54F}.Release|Any CPU.Build.0 = Release|Any CPU
		{3ABE526D-135C-4653-BF86-571424E42B7C}.Debug|Any CPU.ActiveCfg = Debug|Any CPU
		{3ABE526D-135C-4653-BF86-571424E42B7C}.Debug|Any CPU.Build.0 = Debug|Any CPU
		{3ABE526D-135C-4653-BF86-571424E42B7C}.Release|Any CPU.ActiveCfg = Release|Any CPU
		{3ABE526D-135C-4653-BF86-571424E42B7C}.Release|Any CPU.Build.0 = Release|Any CPU
		{4E69E369-16DB-40B8-BC5D-6708F64981E3}.Debug|Any CPU.ActiveCfg = Debug|Any CPU
		{4E69E369-16DB-40B8-BC5D-6708F64981E3}.Debug|Any CPU.Build.0 = Debug|Any CPU
		{4E69E369-16DB-40B8-BC5D-6708F64981E3}.Release|Any CPU.ActiveCfg = Release|Any CPU
		{4E69E369-16DB-40B8-BC5D-6708F64981E3}.Release|Any CPU.Build.0 = Release|Any CPU
	EndGlobalSection
	GlobalSection(SolutionProperties) = preSolution
		HideSolutionNode = FALSE
	EndGlobalSection
	GlobalSection(ExtensibilityGlobals) = postSolution
		SolutionGuid = {6455A019-FE77-437E-902E-B3F3346875CE}
	EndGlobalSection
EndGlobal
